// !$*UTF8*$!
{
	archiveVersion = 1;
	classes = {
	};
	objectVersion = 48;
	objects = {

/* Begin PBXBuildFile section */
		1EDB674924BA83DBC72D8BEF /* Pods_DistributionAppTests.framework in Frameworks */ = {isa = PBXBuildFile; fileRef = B3134F3EE4447F2E6D22DDD8 /* Pods_DistributionAppTests.framework */; };
		39A053CD201FDB910042C73F /* AppDelegate.swift in Sources */ = {isa = PBXBuildFile; fileRef = 39A053CC201FDB910042C73F /* AppDelegate.swift */; };
		39A053D2201FDB910042C73F /* Main.storyboard in Resources */ = {isa = PBXBuildFile; fileRef = 39A053D0201FDB910042C73F /* Main.storyboard */; };
		39A053D5201FDB910042C73F /* DistributionApp.xcdatamodeld in Sources */ = {isa = PBXBuildFile; fileRef = 39A053D3201FDB910042C73F /* DistributionApp.xcdatamodeld */; };
		39A053D7201FDB910042C73F /* Assets.xcassets in Resources */ = {isa = PBXBuildFile; fileRef = 39A053D6201FDB910042C73F /* Assets.xcassets */; };
		39A053DA201FDB910042C73F /* LaunchScreen.storyboard in Resources */ = {isa = PBXBuildFile; fileRef = 39A053D8201FDB910042C73F /* LaunchScreen.storyboard */; };
		39A053E5201FDB910042C73F /* DistributionAppTests.swift in Sources */ = {isa = PBXBuildFile; fileRef = 39A053E4201FDB910042C73F /* DistributionAppTests.swift */; };
		39A053F0201FDB910042C73F /* DistributionAppUITests.swift in Sources */ = {isa = PBXBuildFile; fileRef = 39A053EF201FDB910042C73F /* DistributionAppUITests.swift */; };
		39A053FE2020C80F0042C73F /* Search.storyboard in Resources */ = {isa = PBXBuildFile; fileRef = 39A053FD2020C80F0042C73F /* Search.storyboard */; };
		50E25CD720211E7300177E13 /* LoginViewController.swift in Sources */ = {isa = PBXBuildFile; fileRef = 50E25CD620211E7300177E13 /* LoginViewController.swift */; };
		50E25CDA20211FBE00177E13 /* MapViewController.swift in Sources */ = {isa = PBXBuildFile; fileRef = 50E25CD820211FA500177E13 /* MapViewController.swift */; };
		50E25CDC2021216600177E13 /* RegisterViewController.swift in Sources */ = {isa = PBXBuildFile; fileRef = 50E25CDB2021216600177E13 /* RegisterViewController.swift */; };
		50E25CDE2021222400177E13 /* MoreViewController.swift in Sources */ = {isa = PBXBuildFile; fileRef = 50E25CDD2021222400177E13 /* MoreViewController.swift */; };
		5585E27F475793337C81743C /* Pods_DistributionAppUITests.framework in Frameworks */ = {isa = PBXBuildFile; fileRef = 25E11A045AAAD1CC9E0965AE /* Pods_DistributionAppUITests.framework */; };
		D2D6871AC7C82326C160325E /* Pods_DistributionApp.framework in Frameworks */ = {isa = PBXBuildFile; fileRef = CD9ACDAE8B1321268819B697 /* Pods_DistributionApp.framework */; };
		DA23367D2021354F000CFFF9 /* Cliente.swift in Sources */ = {isa = PBXBuildFile; fileRef = DA23367C2021354F000CFFF9 /* Cliente.swift */; };
/* End PBXBuildFile section */

/* Begin PBXContainerItemProxy section */
		39A053E1201FDB910042C73F /* PBXContainerItemProxy */ = {
			isa = PBXContainerItemProxy;
			containerPortal = 39A053C1201FDB910042C73F /* Project object */;
			proxyType = 1;
			remoteGlobalIDString = 39A053C8201FDB910042C73F;
			remoteInfo = DistributionApp;
		};
		39A053EC201FDB910042C73F /* PBXContainerItemProxy */ = {
			isa = PBXContainerItemProxy;
			containerPortal = 39A053C1201FDB910042C73F /* Project object */;
			proxyType = 1;
			remoteGlobalIDString = 39A053C8201FDB910042C73F;
			remoteInfo = DistributionApp;
		};
/* End PBXContainerItemProxy section */

/* Begin PBXFileReference section */
		25E11A045AAAD1CC9E0965AE /* Pods_DistributionAppUITests.framework */ = {isa = PBXFileReference; explicitFileType = wrapper.framework; includeInIndex = 0; path = Pods_DistributionAppUITests.framework; sourceTree = BUILT_PRODUCTS_DIR; };
		39A053C9201FDB910042C73F /* DistributionApp.app */ = {isa = PBXFileReference; explicitFileType = wrapper.application; includeInIndex = 0; path = DistributionApp.app; sourceTree = BUILT_PRODUCTS_DIR; };
		39A053CC201FDB910042C73F /* AppDelegate.swift */ = {isa = PBXFileReference; lastKnownFileType = sourcecode.swift; path = AppDelegate.swift; sourceTree = "<group>"; };
		39A053D1201FDB910042C73F /* Base */ = {isa = PBXFileReference; lastKnownFileType = file.storyboard; name = Base; path = Base.lproj/Main.storyboard; sourceTree = "<group>"; };
		39A053D4201FDB910042C73F /* DistributionApp.xcdatamodel */ = {isa = PBXFileReference; lastKnownFileType = wrapper.xcdatamodel; path = DistributionApp.xcdatamodel; sourceTree = "<group>"; };
		39A053D6201FDB910042C73F /* Assets.xcassets */ = {isa = PBXFileReference; lastKnownFileType = folder.assetcatalog; path = Assets.xcassets; sourceTree = "<group>"; };
		39A053D9201FDB910042C73F /* Base */ = {isa = PBXFileReference; lastKnownFileType = file.storyboard; name = Base; path = Base.lproj/LaunchScreen.storyboard; sourceTree = "<group>"; };
		39A053DB201FDB910042C73F /* Info.plist */ = {isa = PBXFileReference; lastKnownFileType = text.plist.xml; path = Info.plist; sourceTree = "<group>"; };
		39A053E0201FDB910042C73F /* DistributionAppTests.xctest */ = {isa = PBXFileReference; explicitFileType = wrapper.cfbundle; includeInIndex = 0; path = DistributionAppTests.xctest; sourceTree = BUILT_PRODUCTS_DIR; };
		39A053E4201FDB910042C73F /* DistributionAppTests.swift */ = {isa = PBXFileReference; lastKnownFileType = sourcecode.swift; path = DistributionAppTests.swift; sourceTree = "<group>"; };
		39A053E6201FDB910042C73F /* Info.plist */ = {isa = PBXFileReference; lastKnownFileType = text.plist.xml; path = Info.plist; sourceTree = "<group>"; };
		39A053EB201FDB910042C73F /* DistributionAppUITests.xctest */ = {isa = PBXFileReference; explicitFileType = wrapper.cfbundle; includeInIndex = 0; path = DistributionAppUITests.xctest; sourceTree = BUILT_PRODUCTS_DIR; };
		39A053EF201FDB910042C73F /* DistributionAppUITests.swift */ = {isa = PBXFileReference; lastKnownFileType = sourcecode.swift; path = DistributionAppUITests.swift; sourceTree = "<group>"; };
		39A053F1201FDB910042C73F /* Info.plist */ = {isa = PBXFileReference; lastKnownFileType = text.plist.xml; path = Info.plist; sourceTree = "<group>"; };
		39A053FD2020C80F0042C73F /* Search.storyboard */ = {isa = PBXFileReference; lastKnownFileType = file.storyboard; path = Search.storyboard; sourceTree = "<group>"; };
		50E25CD620211E7300177E13 /* LoginViewController.swift */ = {isa = PBXFileReference; lastKnownFileType = sourcecode.swift; path = LoginViewController.swift; sourceTree = "<group>"; };
		50E25CD820211FA500177E13 /* MapViewController.swift */ = {isa = PBXFileReference; lastKnownFileType = sourcecode.swift; path = MapViewController.swift; sourceTree = "<group>"; };
		50E25CDB2021216600177E13 /* RegisterViewController.swift */ = {isa = PBXFileReference; lastKnownFileType = sourcecode.swift; path = RegisterViewController.swift; sourceTree = "<group>"; };
		50E25CDD2021222400177E13 /* MoreViewController.swift */ = {isa = PBXFileReference; lastKnownFileType = sourcecode.swift; path = MoreViewController.swift; sourceTree = "<group>"; };
		64CFC686904C0772048F7676 /* Pods-DistributionAppUITests.debug.xcconfig */ = {isa = PBXFileReference; includeInIndex = 1; lastKnownFileType = text.xcconfig; name = "Pods-DistributionAppUITests.debug.xcconfig"; path = "Pods/Target Support Files/Pods-DistributionAppUITests/Pods-DistributionAppUITests.debug.xcconfig"; sourceTree = "<group>"; };
		6E7D24A7153F8C5C07080C77 /* Pods-DistributionAppTests.debug.xcconfig */ = {isa = PBXFileReference; includeInIndex = 1; lastKnownFileType = text.xcconfig; name = "Pods-DistributionAppTests.debug.xcconfig"; path = "Pods/Target Support Files/Pods-DistributionAppTests/Pods-DistributionAppTests.debug.xcconfig"; sourceTree = "<group>"; };
		729437DEC2AAB20579C11A93 /* Pods-DistributionApp.release.xcconfig */ = {isa = PBXFileReference; includeInIndex = 1; lastKnownFileType = text.xcconfig; name = "Pods-DistributionApp.release.xcconfig"; path = "Pods/Target Support Files/Pods-DistributionApp/Pods-DistributionApp.release.xcconfig"; sourceTree = "<group>"; };
		B3134F3EE4447F2E6D22DDD8 /* Pods_DistributionAppTests.framework */ = {isa = PBXFileReference; explicitFileType = wrapper.framework; includeInIndex = 0; path = Pods_DistributionAppTests.framework; sourceTree = BUILT_PRODUCTS_DIR; };
		BD3FA5AAFDA250AD681696D7 /* Pods-DistributionAppUITests.release.xcconfig */ = {isa = PBXFileReference; includeInIndex = 1; lastKnownFileType = text.xcconfig; name = "Pods-DistributionAppUITests.release.xcconfig"; path = "Pods/Target Support Files/Pods-DistributionAppUITests/Pods-DistributionAppUITests.release.xcconfig"; sourceTree = "<group>"; };
		C4E880106B8D8BCF9A427DAB /* Pods-DistributionApp.debug.xcconfig */ = {isa = PBXFileReference; includeInIndex = 1; lastKnownFileType = text.xcconfig; name = "Pods-DistributionApp.debug.xcconfig"; path = "Pods/Target Support Files/Pods-DistributionApp/Pods-DistributionApp.debug.xcconfig"; sourceTree = "<group>"; };
		CD9ACDAE8B1321268819B697 /* Pods_DistributionApp.framework */ = {isa = PBXFileReference; explicitFileType = wrapper.framework; includeInIndex = 0; path = Pods_DistributionApp.framework; sourceTree = BUILT_PRODUCTS_DIR; };
		DA23367C2021354F000CFFF9 /* Cliente.swift */ = {isa = PBXFileReference; lastKnownFileType = sourcecode.swift; path = Cliente.swift; sourceTree = "<group>"; };
		E0CF2BF6DCDDEF1D75B5B39F /* Pods-DistributionAppTests.release.xcconfig */ = {isa = PBXFileReference; includeInIndex = 1; lastKnownFileType = text.xcconfig; name = "Pods-DistributionAppTests.release.xcconfig"; path = "Pods/Target Support Files/Pods-DistributionAppTests/Pods-DistributionAppTests.release.xcconfig"; sourceTree = "<group>"; };
/* End PBXFileReference section */

/* Begin PBXFrameworksBuildPhase section */
		39A053C6201FDB910042C73F /* Frameworks */ = {
			isa = PBXFrameworksBuildPhase;
			buildActionMask = 2147483647;
			files = (
				D2D6871AC7C82326C160325E /* Pods_DistributionApp.framework in Frameworks */,
			);
			runOnlyForDeploymentPostprocessing = 0;
		};
		39A053DD201FDB910042C73F /* Frameworks */ = {
			isa = PBXFrameworksBuildPhase;
			buildActionMask = 2147483647;
			files = (
				1EDB674924BA83DBC72D8BEF /* Pods_DistributionAppTests.framework in Frameworks */,
			);
			runOnlyForDeploymentPostprocessing = 0;
		};
		39A053E8201FDB910042C73F /* Frameworks */ = {
			isa = PBXFrameworksBuildPhase;
			buildActionMask = 2147483647;
			files = (
				5585E27F475793337C81743C /* Pods_DistributionAppUITests.framework in Frameworks */,
			);
			runOnlyForDeploymentPostprocessing = 0;
		};
/* End PBXFrameworksBuildPhase section */

/* Begin PBXGroup section */
		39A053C0201FDB910042C73F = {
			isa = PBXGroup;
			children = (
				39A053CB201FDB910042C73F /* DistributionApp */,
				39A053E3201FDB910042C73F /* DistributionAppTests */,
				39A053EE201FDB910042C73F /* DistributionAppUITests */,
				39A053CA201FDB910042C73F /* Products */,
				914FB80A3AD855094BE4B740 /* Pods */,
				3B470079AAD8056B098F3B8E /* Frameworks */,
			);
			sourceTree = "<group>";
		};
		39A053CA201FDB910042C73F /* Products */ = {
			isa = PBXGroup;
			children = (
				39A053C9201FDB910042C73F /* DistributionApp.app */,
				39A053E0201FDB910042C73F /* DistributionAppTests.xctest */,
				39A053EB201FDB910042C73F /* DistributionAppUITests.xctest */,
			);
			name = Products;
			sourceTree = "<group>";
		};
		39A053CB201FDB910042C73F /* DistributionApp */ = {
			isa = PBXGroup;
			children = (
				DA23367B2021352D000CFFF9 /* Model */,
				39A053CC201FDB910042C73F /* AppDelegate.swift */,
				39A053D6201FDB910042C73F /* Assets.xcassets */,
				39A053DB201FDB910042C73F /* Info.plist */,
				39A053D3201FDB910042C73F /* DistributionApp.xcdatamodeld */,
				50E25CD520211D5A00177E13 /* Views */,
				50E25CD420211D4300177E13 /* Controllers */,
			);
			path = DistributionApp;
			sourceTree = "<group>";
		};
		39A053E3201FDB910042C73F /* DistributionAppTests */ = {
			isa = PBXGroup;
			children = (
				39A053E4201FDB910042C73F /* DistributionAppTests.swift */,
				39A053E6201FDB910042C73F /* Info.plist */,
			);
			path = DistributionAppTests;
			sourceTree = "<group>";
		};
		39A053EE201FDB910042C73F /* DistributionAppUITests */ = {
			isa = PBXGroup;
			children = (
				39A053EF201FDB910042C73F /* DistributionAppUITests.swift */,
				39A053F1201FDB910042C73F /* Info.plist */,
			);
			path = DistributionAppUITests;
			sourceTree = "<group>";
		};
		3B470079AAD8056B098F3B8E /* Frameworks */ = {
			isa = PBXGroup;
			children = (
				CD9ACDAE8B1321268819B697 /* Pods_DistributionApp.framework */,
				B3134F3EE4447F2E6D22DDD8 /* Pods_DistributionAppTests.framework */,
				25E11A045AAAD1CC9E0965AE /* Pods_DistributionAppUITests.framework */,
			);
			name = Frameworks;
			sourceTree = "<group>";
		};
		50E25CD420211D4300177E13 /* Controllers */ = {
			isa = PBXGroup;
			children = (
				50E25CD620211E7300177E13 /* LoginViewController.swift */,
				50E25CD820211FA500177E13 /* MapViewController.swift */,
				50E25CDB2021216600177E13 /* RegisterViewController.swift */,
				50E25CDD2021222400177E13 /* MoreViewController.swift */,
			);
			path = Controllers;
			sourceTree = "<group>";
		};
		50E25CD520211D5A00177E13 /* Views */ = {
			isa = PBXGroup;
			children = (
				39A053D0201FDB910042C73F /* Main.storyboard */,
				39A053FD2020C80F0042C73F /* Search.storyboard */,
				39A053D8201FDB910042C73F /* LaunchScreen.storyboard */,
			);
			path = Views;
			sourceTree = "<group>";
		};
		914FB80A3AD855094BE4B740 /* Pods */ = {
			isa = PBXGroup;
			children = (
				C4E880106B8D8BCF9A427DAB /* Pods-DistributionApp.debug.xcconfig */,
				729437DEC2AAB20579C11A93 /* Pods-DistributionApp.release.xcconfig */,
				6E7D24A7153F8C5C07080C77 /* Pods-DistributionAppTests.debug.xcconfig */,
				E0CF2BF6DCDDEF1D75B5B39F /* Pods-DistributionAppTests.release.xcconfig */,
				64CFC686904C0772048F7676 /* Pods-DistributionAppUITests.debug.xcconfig */,
				BD3FA5AAFDA250AD681696D7 /* Pods-DistributionAppUITests.release.xcconfig */,
			);
			name = Pods;
			sourceTree = "<group>";
		};
		DA23367B2021352D000CFFF9 /* Model */ = {
			isa = PBXGroup;
			children = (
				DA23367C2021354F000CFFF9 /* Cliente.swift */,
			);
			path = Model;
			sourceTree = "<group>";
		};
/* End PBXGroup section */

/* Begin PBXNativeTarget section */
		39A053C8201FDB910042C73F /* DistributionApp */ = {
			isa = PBXNativeTarget;
			buildConfigurationList = 39A053F4201FDB920042C73F /* Build configuration list for PBXNativeTarget "DistributionApp" */;
			buildPhases = (
				5212A763A59C8EADB153AEF4 /* [CP] Check Pods Manifest.lock */,
				39A053C5201FDB910042C73F /* Sources */,
				39A053C6201FDB910042C73F /* Frameworks */,
				39A053C7201FDB910042C73F /* Resources */,
				60C50F2A759DDCA1055F4744 /* [CP] Embed Pods Frameworks */,
				D3A1E5C9FC2ECAA21DE1E5B0 /* [CP] Copy Pods Resources */,
			);
			buildRules = (
			);
			dependencies = (
			);
			name = DistributionApp;
			productName = DistributionApp;
			productReference = 39A053C9201FDB910042C73F /* DistributionApp.app */;
			productType = "com.apple.product-type.application";
		};
		39A053DF201FDB910042C73F /* DistributionAppTests */ = {
			isa = PBXNativeTarget;
			buildConfigurationList = 39A053F7201FDB920042C73F /* Build configuration list for PBXNativeTarget "DistributionAppTests" */;
			buildPhases = (
				999A3F6B09850B5F25F30249 /* [CP] Check Pods Manifest.lock */,
				39A053DC201FDB910042C73F /* Sources */,
				39A053DD201FDB910042C73F /* Frameworks */,
				39A053DE201FDB910042C73F /* Resources */,
				D955509E6990A915E2DEA650 /* [CP] Embed Pods Frameworks */,
				A6B908D6B7A2F3B0FBA9FDE8 /* [CP] Copy Pods Resources */,
			);
			buildRules = (
			);
			dependencies = (
				39A053E2201FDB910042C73F /* PBXTargetDependency */,
			);
			name = DistributionAppTests;
			productName = DistributionAppTests;
			productReference = 39A053E0201FDB910042C73F /* DistributionAppTests.xctest */;
			productType = "com.apple.product-type.bundle.unit-test";
		};
		39A053EA201FDB910042C73F /* DistributionAppUITests */ = {
			isa = PBXNativeTarget;
			buildConfigurationList = 39A053FA201FDB920042C73F /* Build configuration list for PBXNativeTarget "DistributionAppUITests" */;
			buildPhases = (
				DD05EEFDC52E359B0564373C /* [CP] Check Pods Manifest.lock */,
				39A053E7201FDB910042C73F /* Sources */,
				39A053E8201FDB910042C73F /* Frameworks */,
				39A053E9201FDB910042C73F /* Resources */,
				0FBEB201552019E7AB93801C /* [CP] Embed Pods Frameworks */,
				F1796D6C8C586F254A29FB6B /* [CP] Copy Pods Resources */,
			);
			buildRules = (
			);
			dependencies = (
				39A053ED201FDB910042C73F /* PBXTargetDependency */,
			);
			name = DistributionAppUITests;
			productName = DistributionAppUITests;
			productReference = 39A053EB201FDB910042C73F /* DistributionAppUITests.xctest */;
			productType = "com.apple.product-type.bundle.ui-testing";
		};
/* End PBXNativeTarget section */

/* Begin PBXProject section */
		39A053C1201FDB910042C73F /* Project object */ = {
			isa = PBXProject;
			attributes = {
				LastSwiftUpdateCheck = 0920;
				LastUpgradeCheck = 0920;
				ORGANIZATIONNAME = "Aceleradora Mobile Perú";
				TargetAttributes = {
					39A053C8201FDB910042C73F = {
						CreatedOnToolsVersion = 9.2;
						ProvisioningStyle = Automatic;
					};
					39A053DF201FDB910042C73F = {
						CreatedOnToolsVersion = 9.2;
						ProvisioningStyle = Automatic;
						TestTargetID = 39A053C8201FDB910042C73F;
					};
					39A053EA201FDB910042C73F = {
						CreatedOnToolsVersion = 9.2;
						ProvisioningStyle = Automatic;
						TestTargetID = 39A053C8201FDB910042C73F;
					};
				};
			};
			buildConfigurationList = 39A053C4201FDB910042C73F /* Build configuration list for PBXProject "DistributionApp" */;
			compatibilityVersion = "Xcode 8.0";
			developmentRegion = en;
			hasScannedForEncodings = 0;
			knownRegions = (
				en,
				Base,
			);
			mainGroup = 39A053C0201FDB910042C73F;
			productRefGroup = 39A053CA201FDB910042C73F /* Products */;
			projectDirPath = "";
			projectRoot = "";
			targets = (
				39A053C8201FDB910042C73F /* DistributionApp */,
				39A053DF201FDB910042C73F /* DistributionAppTests */,
				39A053EA201FDB910042C73F /* DistributionAppUITests */,
			);
		};
/* End PBXProject section */

/* Begin PBXResourcesBuildPhase section */
		39A053C7201FDB910042C73F /* Resources */ = {
			isa = PBXResourcesBuildPhase;
			buildActionMask = 2147483647;
			files = (
				39A053DA201FDB910042C73F /* LaunchScreen.storyboard in Resources */,
				39A053D7201FDB910042C73F /* Assets.xcassets in Resources */,
				39A053FE2020C80F0042C73F /* Search.storyboard in Resources */,
				39A053D2201FDB910042C73F /* Main.storyboard in Resources */,
			);
			runOnlyForDeploymentPostprocessing = 0;
		};
		39A053DE201FDB910042C73F /* Resources */ = {
			isa = PBXResourcesBuildPhase;
			buildActionMask = 2147483647;
			files = (
			);
			runOnlyForDeploymentPostprocessing = 0;
		};
		39A053E9201FDB910042C73F /* Resources */ = {
			isa = PBXResourcesBuildPhase;
			buildActionMask = 2147483647;
			files = (
			);
			runOnlyForDeploymentPostprocessing = 0;
		};
/* End PBXResourcesBuildPhase section */

/* Begin PBXShellScriptBuildPhase section */
		0FBEB201552019E7AB93801C /* [CP] Embed Pods Frameworks */ = {
			isa = PBXShellScriptBuildPhase;
			buildActionMask = 2147483647;
			files = (
			);
			inputPaths = (
			);
			name = "[CP] Embed Pods Frameworks";
			outputPaths = (
			);
			runOnlyForDeploymentPostprocessing = 0;
			shellPath = /bin/sh;
			shellScript = "\"${SRCROOT}/Pods/Target Support Files/Pods-DistributionAppUITests/Pods-DistributionAppUITests-frameworks.sh\"\n";
			showEnvVarsInLog = 0;
		};
		5212A763A59C8EADB153AEF4 /* [CP] Check Pods Manifest.lock */ = {
			isa = PBXShellScriptBuildPhase;
			buildActionMask = 2147483647;
			files = (
			);
			inputPaths = (
				"${PODS_PODFILE_DIR_PATH}/Podfile.lock",
				"${PODS_ROOT}/Manifest.lock",
			);
			name = "[CP] Check Pods Manifest.lock";
			outputPaths = (
				"$(DERIVED_FILE_DIR)/Pods-DistributionApp-checkManifestLockResult.txt",
			);
			runOnlyForDeploymentPostprocessing = 0;
			shellPath = /bin/sh;
			shellScript = "diff \"${PODS_PODFILE_DIR_PATH}/Podfile.lock\" \"${PODS_ROOT}/Manifest.lock\" > /dev/null\nif [ $? != 0 ] ; then\n    # print error to STDERR\n    echo \"error: The sandbox is not in sync with the Podfile.lock. Run 'pod install' or update your CocoaPods installation.\" >&2\n    exit 1\nfi\n# This output is used by Xcode 'outputs' to avoid re-running this script phase.\necho \"SUCCESS\" > \"${SCRIPT_OUTPUT_FILE_0}\"\n";
			showEnvVarsInLog = 0;
		};
		60C50F2A759DDCA1055F4744 /* [CP] Embed Pods Frameworks */ = {
			isa = PBXShellScriptBuildPhase;
			buildActionMask = 2147483647;
			files = (
			);
			inputPaths = (
				"${SRCROOT}/Pods/Target Support Files/Pods-DistributionApp/Pods-DistributionApp-frameworks.sh",
				"${BUILT_PRODUCTS_DIR}/Alamofire/Alamofire.framework",
			);
			name = "[CP] Embed Pods Frameworks";
			outputPaths = (
				"${TARGET_BUILD_DIR}/${FRAMEWORKS_FOLDER_PATH}/Alamofire.framework",
			);
			runOnlyForDeploymentPostprocessing = 0;
			shellPath = /bin/sh;
			shellScript = "\"${SRCROOT}/Pods/Target Support Files/Pods-DistributionApp/Pods-DistributionApp-frameworks.sh\"\n";
			showEnvVarsInLog = 0;
		};
		999A3F6B09850B5F25F30249 /* [CP] Check Pods Manifest.lock */ = {
			isa = PBXShellScriptBuildPhase;
			buildActionMask = 2147483647;
			files = (
			);
			inputPaths = (
				"${PODS_PODFILE_DIR_PATH}/Podfile.lock",
				"${PODS_ROOT}/Manifest.lock",
			);
			name = "[CP] Check Pods Manifest.lock";
			outputPaths = (
				"$(DERIVED_FILE_DIR)/Pods-DistributionAppTests-checkManifestLockResult.txt",
			);
			runOnlyForDeploymentPostprocessing = 0;
			shellPath = /bin/sh;
			shellScript = "diff \"${PODS_PODFILE_DIR_PATH}/Podfile.lock\" \"${PODS_ROOT}/Manifest.lock\" > /dev/null\nif [ $? != 0 ] ; then\n    # print error to STDERR\n    echo \"error: The sandbox is not in sync with the Podfile.lock. Run 'pod install' or update your CocoaPods installation.\" >&2\n    exit 1\nfi\n# This output is used by Xcode 'outputs' to avoid re-running this script phase.\necho \"SUCCESS\" > \"${SCRIPT_OUTPUT_FILE_0}\"\n";
			showEnvVarsInLog = 0;
		};
		A6B908D6B7A2F3B0FBA9FDE8 /* [CP] Copy Pods Resources */ = {
			isa = PBXShellScriptBuildPhase;
			buildActionMask = 2147483647;
			files = (
			);
			inputPaths = (
			);
			name = "[CP] Copy Pods Resources";
			outputPaths = (
			);
			runOnlyForDeploymentPostprocessing = 0;
			shellPath = /bin/sh;
			shellScript = "\"${SRCROOT}/Pods/Target Support Files/Pods-DistributionAppTests/Pods-DistributionAppTests-resources.sh\"\n";
			showEnvVarsInLog = 0;
		};
		D3A1E5C9FC2ECAA21DE1E5B0 /* [CP] Copy Pods Resources */ = {
			isa = PBXShellScriptBuildPhase;
			buildActionMask = 2147483647;
			files = (
			);
			inputPaths = (
				"${SRCROOT}/Pods/Target Support Files/Pods-DistributionApp/Pods-DistributionApp-resources.sh",
				"${PODS_ROOT}/GoogleMaps/Maps/Frameworks/GoogleMaps.framework/Resources/GoogleMaps.bundle",
				"${PODS_ROOT}/GooglePlaces/Frameworks/GooglePlaces.framework/Resources/GooglePlaces.bundle",
			);
			name = "[CP] Copy Pods Resources";
			outputPaths = (
				"${TARGET_BUILD_DIR}/${UNLOCALIZED_RESOURCES_FOLDER_PATH}/GoogleMaps.bundle",
				"${TARGET_BUILD_DIR}/${UNLOCALIZED_RESOURCES_FOLDER_PATH}/GooglePlaces.bundle",
			);
			runOnlyForDeploymentPostprocessing = 0;
			shellPath = /bin/sh;
			shellScript = "\"${SRCROOT}/Pods/Target Support Files/Pods-DistributionApp/Pods-DistributionApp-resources.sh\"\n";
			showEnvVarsInLog = 0;
		};
		D955509E6990A915E2DEA650 /* [CP] Embed Pods Frameworks */ = {
			isa = PBXShellScriptBuildPhase;
			buildActionMask = 2147483647;
			files = (
			);
			inputPaths = (
			);
			name = "[CP] Embed Pods Frameworks";
			outputPaths = (
			);
			runOnlyForDeploymentPostprocessing = 0;
			shellPath = /bin/sh;
			shellScript = "\"${SRCROOT}/Pods/Target Support Files/Pods-DistributionAppTests/Pods-DistributionAppTests-frameworks.sh\"\n";
			showEnvVarsInLog = 0;
		};
		DD05EEFDC52E359B0564373C /* [CP] Check Pods Manifest.lock */ = {
			isa = PBXShellScriptBuildPhase;
			buildActionMask = 2147483647;
			files = (
			);
			inputPaths = (
				"${PODS_PODFILE_DIR_PATH}/Podfile.lock",
				"${PODS_ROOT}/Manifest.lock",
			);
			name = "[CP] Check Pods Manifest.lock";
			outputPaths = (
				"$(DERIVED_FILE_DIR)/Pods-DistributionAppUITests-checkManifestLockResult.txt",
			);
			runOnlyForDeploymentPostprocessing = 0;
			shellPath = /bin/sh;
			shellScript = "diff \"${PODS_PODFILE_DIR_PATH}/Podfile.lock\" \"${PODS_ROOT}/Manifest.lock\" > /dev/null\nif [ $? != 0 ] ; then\n    # print error to STDERR\n    echo \"error: The sandbox is not in sync with the Podfile.lock. Run 'pod install' or update your CocoaPods installation.\" >&2\n    exit 1\nfi\n# This output is used by Xcode 'outputs' to avoid re-running this script phase.\necho \"SUCCESS\" > \"${SCRIPT_OUTPUT_FILE_0}\"\n";
			showEnvVarsInLog = 0;
		};
		F1796D6C8C586F254A29FB6B /* [CP] Copy Pods Resources */ = {
			isa = PBXShellScriptBuildPhase;
			buildActionMask = 2147483647;
			files = (
			);
			inputPaths = (
			);
			name = "[CP] Copy Pods Resources";
			outputPaths = (
			);
			runOnlyForDeploymentPostprocessing = 0;
			shellPath = /bin/sh;
			shellScript = "\"${SRCROOT}/Pods/Target Support Files/Pods-DistributionAppUITests/Pods-DistributionAppUITests-resources.sh\"\n";
			showEnvVarsInLog = 0;
		};
/* End PBXShellScriptBuildPhase section */

/* Begin PBXSourcesBuildPhase section */
		39A053C5201FDB910042C73F /* Sources */ = {
			isa = PBXSourcesBuildPhase;
			buildActionMask = 2147483647;
			files = (
				50E25CD720211E7300177E13 /* LoginViewController.swift in Sources */,
				DA23367D2021354F000CFFF9 /* Cliente.swift in Sources */,
				50E25CDC2021216600177E13 /* RegisterViewController.swift in Sources */,
				39A053D5201FDB910042C73F /* DistributionApp.xcdatamodeld in Sources */,
				50E25CDE2021222400177E13 /* MoreViewController.swift in Sources */,
				39A053CD201FDB910042C73F /* AppDelegate.swift in Sources */,
				50E25CDA20211FBE00177E13 /* MapViewController.swift in Sources */,
			);
			runOnlyForDeploymentPostprocessing = 0;
		};
		39A053DC201FDB910042C73F /* Sources */ = {
			isa = PBXSourcesBuildPhase;
			buildActionMask = 2147483647;
			files = (
				39A053E5201FDB910042C73F /* DistributionAppTests.swift in Sources */,
			);
			runOnlyForDeploymentPostprocessing = 0;
		};
		39A053E7201FDB910042C73F /* Sources */ = {
			isa = PBXSourcesBuildPhase;
			buildActionMask = 2147483647;
			files = (
				39A053F0201FDB910042C73F /* DistributionAppUITests.swift in Sources */,
			);
			runOnlyForDeploymentPostprocessing = 0;
		};
/* End PBXSourcesBuildPhase section */

/* Begin PBXTargetDependency section */
		39A053E2201FDB910042C73F /* PBXTargetDependency */ = {
			isa = PBXTargetDependency;
			target = 39A053C8201FDB910042C73F /* DistributionApp */;
			targetProxy = 39A053E1201FDB910042C73F /* PBXContainerItemProxy */;
		};
		39A053ED201FDB910042C73F /* PBXTargetDependency */ = {
			isa = PBXTargetDependency;
			target = 39A053C8201FDB910042C73F /* DistributionApp */;
			targetProxy = 39A053EC201FDB910042C73F /* PBXContainerItemProxy */;
		};
/* End PBXTargetDependency section */

/* Begin PBXVariantGroup section */
		39A053D0201FDB910042C73F /* Main.storyboard */ = {
			isa = PBXVariantGroup;
			children = (
				39A053D1201FDB910042C73F /* Base */,
			);
			name = Main.storyboard;
			sourceTree = "<group>";
		};
		39A053D8201FDB910042C73F /* LaunchScreen.storyboard */ = {
			isa = PBXVariantGroup;
			children = (
				39A053D9201FDB910042C73F /* Base */,
			);
			name = LaunchScreen.storyboard;
			sourceTree = "<group>";
		};
/* End PBXVariantGroup section */

/* Begin XCBuildConfiguration section */
		39A053F2201FDB910042C73F /* Debug */ = {
			isa = XCBuildConfiguration;
			buildSettings = {
				ALWAYS_SEARCH_USER_PATHS = NO;
				CLANG_ANALYZER_NONNULL = YES;
				CLANG_ANALYZER_NUMBER_OBJECT_CONVERSION = YES_AGGRESSIVE;
				CLANG_CXX_LANGUAGE_STANDARD = "gnu++14";
				CLANG_CXX_LIBRARY = "libc++";
				CLANG_ENABLE_MODULES = YES;
				CLANG_ENABLE_OBJC_ARC = YES;
				CLANG_WARN_BLOCK_CAPTURE_AUTORELEASING = YES;
				CLANG_WARN_BOOL_CONVERSION = YES;
				CLANG_WARN_COMMA = YES;
				CLANG_WARN_CONSTANT_CONVERSION = YES;
				CLANG_WARN_DIRECT_OBJC_ISA_USAGE = YES_ERROR;
				CLANG_WARN_DOCUMENTATION_COMMENTS = YES;
				CLANG_WARN_EMPTY_BODY = YES;
				CLANG_WARN_ENUM_CONVERSION = YES;
				CLANG_WARN_INFINITE_RECURSION = YES;
				CLANG_WARN_INT_CONVERSION = YES;
				CLANG_WARN_NON_LITERAL_NULL_CONVERSION = YES;
				CLANG_WARN_OBJC_LITERAL_CONVERSION = YES;
				CLANG_WARN_OBJC_ROOT_CLASS = YES_ERROR;
				CLANG_WARN_RANGE_LOOP_ANALYSIS = YES;
				CLANG_WARN_STRICT_PROTOTYPES = YES;
				CLANG_WARN_SUSPICIOUS_MOVE = YES;
				CLANG_WARN_UNGUARDED_AVAILABILITY = YES_AGGRESSIVE;
				CLANG_WARN_UNREACHABLE_CODE = YES;
				CLANG_WARN__DUPLICATE_METHOD_MATCH = YES;
				CODE_SIGN_IDENTITY = "iPhone Developer";
				COPY_PHASE_STRIP = NO;
				DEBUG_INFORMATION_FORMAT = dwarf;
				ENABLE_STRICT_OBJC_MSGSEND = YES;
				ENABLE_TESTABILITY = YES;
				GCC_C_LANGUAGE_STANDARD = gnu11;
				GCC_DYNAMIC_NO_PIC = NO;
				GCC_NO_COMMON_BLOCKS = YES;
				GCC_OPTIMIZATION_LEVEL = 0;
				GCC_PREPROCESSOR_DEFINITIONS = (
					"DEBUG=1",
					"$(inherited)",
				);
				GCC_WARN_64_TO_32_BIT_CONVERSION = YES;
				GCC_WARN_ABOUT_RETURN_TYPE = YES_ERROR;
				GCC_WARN_UNDECLARED_SELECTOR = YES;
				GCC_WARN_UNINITIALIZED_AUTOS = YES_AGGRESSIVE;
				GCC_WARN_UNUSED_FUNCTION = YES;
				GCC_WARN_UNUSED_VARIABLE = YES;
				IPHONEOS_DEPLOYMENT_TARGET = 11.0;
				MTL_ENABLE_DEBUG_INFO = YES;
				ONLY_ACTIVE_ARCH = YES;
				SDKROOT = iphoneos;
				SWIFT_ACTIVE_COMPILATION_CONDITIONS = DEBUG;
				SWIFT_OPTIMIZATION_LEVEL = "-Onone";
			};
			name = Debug;
		};
		39A053F3201FDB910042C73F /* Release */ = {
			isa = XCBuildConfiguration;
			buildSettings = {
				ALWAYS_SEARCH_USER_PATHS = NO;
				CLANG_ANALYZER_NONNULL = YES;
				CLANG_ANALYZER_NUMBER_OBJECT_CONVERSION = YES_AGGRESSIVE;
				CLANG_CXX_LANGUAGE_STANDARD = "gnu++14";
				CLANG_CXX_LIBRARY = "libc++";
				CLANG_ENABLE_MODULES = YES;
				CLANG_ENABLE_OBJC_ARC = YES;
				CLANG_WARN_BLOCK_CAPTURE_AUTORELEASING = YES;
				CLANG_WARN_BOOL_CONVERSION = YES;
				CLANG_WARN_COMMA = YES;
				CLANG_WARN_CONSTANT_CONVERSION = YES;
				CLANG_WARN_DIRECT_OBJC_ISA_USAGE = YES_ERROR;
				CLANG_WARN_DOCUMENTATION_COMMENTS = YES;
				CLANG_WARN_EMPTY_BODY = YES;
				CLANG_WARN_ENUM_CONVERSION = YES;
				CLANG_WARN_INFINITE_RECURSION = YES;
				CLANG_WARN_INT_CONVERSION = YES;
				CLANG_WARN_NON_LITERAL_NULL_CONVERSION = YES;
				CLANG_WARN_OBJC_LITERAL_CONVERSION = YES;
				CLANG_WARN_OBJC_ROOT_CLASS = YES_ERROR;
				CLANG_WARN_RANGE_LOOP_ANALYSIS = YES;
				CLANG_WARN_STRICT_PROTOTYPES = YES;
				CLANG_WARN_SUSPICIOUS_MOVE = YES;
				CLANG_WARN_UNGUARDED_AVAILABILITY = YES_AGGRESSIVE;
				CLANG_WARN_UNREACHABLE_CODE = YES;
				CLANG_WARN__DUPLICATE_METHOD_MATCH = YES;
				CODE_SIGN_IDENTITY = "iPhone Developer";
				COPY_PHASE_STRIP = NO;
				DEBUG_INFORMATION_FORMAT = "dwarf-with-dsym";
				ENABLE_NS_ASSERTIONS = NO;
				ENABLE_STRICT_OBJC_MSGSEND = YES;
				GCC_C_LANGUAGE_STANDARD = gnu11;
				GCC_NO_COMMON_BLOCKS = YES;
				GCC_WARN_64_TO_32_BIT_CONVERSION = YES;
				GCC_WARN_ABOUT_RETURN_TYPE = YES_ERROR;
				GCC_WARN_UNDECLARED_SELECTOR = YES;
				GCC_WARN_UNINITIALIZED_AUTOS = YES_AGGRESSIVE;
				GCC_WARN_UNUSED_FUNCTION = YES;
				GCC_WARN_UNUSED_VARIABLE = YES;
				IPHONEOS_DEPLOYMENT_TARGET = 11.0;
				MTL_ENABLE_DEBUG_INFO = NO;
				SDKROOT = iphoneos;
				SWIFT_OPTIMIZATION_LEVEL = "-Owholemodule";
				VALIDATE_PRODUCT = YES;
			};
			name = Release;
		};
		39A053F5201FDB920042C73F /* Debug */ = {
			isa = XCBuildConfiguration;
			baseConfigurationReference = C4E880106B8D8BCF9A427DAB /* Pods-DistributionApp.debug.xcconfig */;
			buildSettings = {
				ASSETCATALOG_COMPILER_APPICON_NAME = AppIcon;
				CODE_SIGN_STYLE = Automatic;
				DEVELOPMENT_TEAM = 778N4TU227;
				INFOPLIST_FILE = DistributionApp/Info.plist;
				LD_RUNPATH_SEARCH_PATHS = "$(inherited) @executable_path/Frameworks";
				PRODUCT_BUNDLE_IDENTIFIER = com.everis.DistributionApp.DistributionApp;
				PRODUCT_NAME = "$(TARGET_NAME)";
				SWIFT_VERSION = 4.0;
				TARGETED_DEVICE_FAMILY = "1,2";
			};
			name = Debug;
		};
		39A053F6201FDB920042C73F /* Release */ = {
			isa = XCBuildConfiguration;
			baseConfigurationReference = 729437DEC2AAB20579C11A93 /* Pods-DistributionApp.release.xcconfig */;
			buildSettings = {
				ASSETCATALOG_COMPILER_APPICON_NAME = AppIcon;
				CODE_SIGN_STYLE = Automatic;
				DEVELOPMENT_TEAM = 778N4TU227;
				INFOPLIST_FILE = DistributionApp/Info.plist;
				LD_RUNPATH_SEARCH_PATHS = "$(inherited) @executable_path/Frameworks";
				PRODUCT_BUNDLE_IDENTIFIER = com.everis.DistributionApp.DistributionApp;
				PRODUCT_NAME = "$(TARGET_NAME)";
				SWIFT_VERSION = 4.0;
				TARGETED_DEVICE_FAMILY = "1,2";
			};
			name = Release;
		};
		39A053F8201FDB920042C73F /* Debug */ = {
			isa = XCBuildConfiguration;
			baseConfigurationReference = 6E7D24A7153F8C5C07080C77 /* Pods-DistributionAppTests.debug.xcconfig */;
			buildSettings = {
				ALWAYS_EMBED_SWIFT_STANDARD_LIBRARIES = YES;
				BUNDLE_LOADER = "$(TEST_HOST)";
				CODE_SIGN_STYLE = Automatic;
				DEVELOPMENT_TEAM = 778N4TU227;
				INFOPLIST_FILE = DistributionAppTests/Info.plist;
				LD_RUNPATH_SEARCH_PATHS = "$(inherited) @executable_path/Frameworks @loader_path/Frameworks";
				PRODUCT_BUNDLE_IDENTIFIER = com.everis.DistributionApp.DistributionAppTests;
				PRODUCT_NAME = "$(TARGET_NAME)";
				SWIFT_VERSION = 4.0;
				TARGETED_DEVICE_FAMILY = "1,2";
				TEST_HOST = "$(BUILT_PRODUCTS_DIR)/DistributionApp.app/DistributionApp";
			};
			name = Debug;
		};
		39A053F9201FDB920042C73F /* Release */ = {
			isa = XCBuildConfiguration;
			baseConfigurationReference = E0CF2BF6DCDDEF1D75B5B39F /* Pods-DistributionAppTests.release.xcconfig */;
			buildSettings = {
				ALWAYS_EMBED_SWIFT_STANDARD_LIBRARIES = YES;
				BUNDLE_LOADER = "$(TEST_HOST)";
				CODE_SIGN_STYLE = Automatic;
				DEVELOPMENT_TEAM = 778N4TU227;
				INFOPLIST_FILE = DistributionAppTests/Info.plist;
				LD_RUNPATH_SEARCH_PATHS = "$(inherited) @executable_path/Frameworks @loader_path/Frameworks";
				PRODUCT_BUNDLE_IDENTIFIER = com.everis.DistributionApp.DistributionAppTests;
				PRODUCT_NAME = "$(TARGET_NAME)";
				SWIFT_VERSION = 4.0;
				TARGETED_DEVICE_FAMILY = "1,2";
				TEST_HOST = "$(BUILT_PRODUCTS_DIR)/DistributionApp.app/DistributionApp";
			};
			name = Release;
		};
		39A053FB201FDB920042C73F /* Debug */ = {
			isa = XCBuildConfiguration;
			baseConfigurationReference = 64CFC686904C0772048F7676 /* Pods-DistributionAppUITests.debug.xcconfig */;
			buildSettings = {
				ALWAYS_EMBED_SWIFT_STANDARD_LIBRARIES = YES;
				CODE_SIGN_STYLE = Automatic;
				DEVELOPMENT_TEAM = 778N4TU227;
				INFOPLIST_FILE = DistributionAppUITests/Info.plist;
				LD_RUNPATH_SEARCH_PATHS = "$(inherited) @executable_path/Frameworks @loader_path/Frameworks";
				PRODUCT_BUNDLE_IDENTIFIER = com.everis.DistributionApp.DistributionAppUITests;
				PRODUCT_NAME = "$(TARGET_NAME)";
				SWIFT_VERSION = 4.0;
				TARGETED_DEVICE_FAMILY = "1,2";
				TEST_TARGET_NAME = DistributionApp;
			};
			name = Debug;
		};
		39A053FC201FDB920042C73F /* Release */ = {
			isa = XCBuildConfiguration;
			baseConfigurationReference = BD3FA5AAFDA250AD681696D7 /* Pods-DistributionAppUITests.release.xcconfig */;
			buildSettings = {
				ALWAYS_EMBED_SWIFT_STANDARD_LIBRARIES = YES;
				CODE_SIGN_STYLE = Automatic;
				DEVELOPMENT_TEAM = 778N4TU227;
				INFOPLIST_FILE = DistributionAppUITests/Info.plist;
				LD_RUNPATH_SEARCH_PATHS = "$(inherited) @executable_path/Frameworks @loader_path/Frameworks";
				PRODUCT_BUNDLE_IDENTIFIER = com.everis.DistributionApp.DistributionAppUITests;
				PRODUCT_NAME = "$(TARGET_NAME)";
				SWIFT_VERSION = 4.0;
				TARGETED_DEVICE_FAMILY = "1,2";
				TEST_TARGET_NAME = DistributionApp;
			};
			name = Release;
		};
/* End XCBuildConfiguration section */

/* Begin XCConfigurationList section */
		39A053C4201FDB910042C73F /* Build configuration list for PBXProject "DistributionApp" */ = {
			isa = XCConfigurationList;
			buildConfigurations = (
				39A053F2201FDB910042C73F /* Debug */,
				39A053F3201FDB910042C73F /* Release */,
			);
			defaultConfigurationIsVisible = 0;
			defaultConfigurationName = Release;
		};
		39A053F4201FDB920042C73F /* Build configuration list for PBXNativeTarget "DistributionApp" */ = {
			isa = XCConfigurationList;
			buildConfigurations = (
				39A053F5201FDB920042C73F /* Debug */,
				39A053F6201FDB920042C73F /* Release */,
			);
			defaultConfigurationIsVisible = 0;
			defaultConfigurationName = Release;
		};
		39A053F7201FDB920042C73F /* Build configuration list for PBXNativeTarget "DistributionAppTests" */ = {
			isa = XCConfigurationList;
			buildConfigurations = (
				39A053F8201FDB920042C73F /* Debug */,
				39A053F9201FDB920042C73F /* Release */,
			);
			defaultConfigurationIsVisible = 0;
			defaultConfigurationName = Release;
		};
		39A053FA201FDB920042C73F /* Build configuration list for PBXNativeTarget "DistributionAppUITests" */ = {
			isa = XCConfigurationList;
			buildConfigurations = (
				39A053FB201FDB920042C73F /* Debug */,
				39A053FC201FDB920042C73F /* Release */,
			);
			defaultConfigurationIsVisible = 0;
			defaultConfigurationName = Release;
		};
/* End XCConfigurationList section */

/* Begin XCVersionGroup section */
		39A053D3201FDB910042C73F /* DistributionApp.xcdatamodeld */ = {
			isa = XCVersionGroup;
			children = (
				39A053D4201FDB910042C73F /* DistributionApp.xcdatamodel */,
			);
			currentVersion = 39A053D4201FDB910042C73F /* DistributionApp.xcdatamodel */;
			path = DistributionApp.xcdatamodeld;
			sourceTree = "<group>";
			versionGroupType = wrapper.xcdatamodel;
		};
/* End XCVersionGroup section */
	};
	rootObject = 39A053C1201FDB910042C73F /* Project object */;
}
